
Microsoft Visual Studio Solution File, Format Version 12.00
# Visual Studio Version 16
VisualStudioVersion = 16.0.33801.447
MinimumVisualStudioVersion = 10.0.40219.1
Project("{F184B08F-C81C-45F6-A57F-5ABD9991F28F}") = "WindowsApp1", "WindowsApp1\WindowsApp1.vbproj", "{4DA04CF5-BF28-4030-8F8F-39968CF9517B}"
EndProject
Global
	GlobalSection(SolutionConfigurationPlatforms) = preSolution
		Debug|Any CPU = Debug|Any CPU
		Release|Any CPU = Release|Any CPU
	EndGlobalSection
	GlobalSection(ProjectConfigurationPlatforms) = postSolution
		{4DA04CF5-BF28-4030-8F8F-39968CF9517B}.Debug|Any CPU.ActiveCfg = Debug|Any CPU
		{4DA04CF5-BF28-4030-8F8F-39968CF9517B}.Debug|Any CPU.Build.0 = Debug|Any CPU
		{4DA04CF5-BF28-4030-8F8F-39968CF9517B}.Release|Any CPU.ActiveCfg = Release|Any CPU
		{4DA04CF5-BF28-4030-8F8F-39968CF9517B}.Release|Any CPU.Build.0 = Release|Any CPU
	EndGlobalSection
	GlobalSection(SolutionProperties) = preSolution
		HideSolutionNode = FALSE
	EndGlobalSection
	GlobalSection(ExtensibilityGlobals) = postSolution
		SolutionGuid = {1A136743-E742-421B-9733-608A33EB1DF8}
	EndGlobalSection
EndGlobal
